
Microsoft Visual Studio Solution File, Format Version 12.00
# Visual Studio Version 16
VisualStudioVersion = 16.0.30907.101
MinimumVisualStudioVersion = 10.0.40219.1
Project("{888888A0-9F3D-457C-B088-3A5042F75D52}") = "Scenario Files", "Scenario Files\Scenario Files.pyproj", "{21F3CDDB-892C-498B-8862-BA71A536FB71}"
EndProject
Global
	GlobalSection(SolutionConfigurationPlatforms) = preSolution
		Debug|Any CPU = Debug|Any CPU
		Release|Any CPU = Release|Any CPU
	EndGlobalSection
	GlobalSection(ProjectConfigurationPlatforms) = postSolution
		{21F3CDDB-892C-498B-8862-BA71A536FB71}.Debug|Any CPU.ActiveCfg = Debug|Any CPU
		{21F3CDDB-892C-498B-8862-BA71A536FB71}.Release|Any CPU.ActiveCfg = Release|Any CPU
	EndGlobalSection
	GlobalSection(SolutionProperties) = preSolution
		HideSolutionNode = FALSE
	EndGlobalSection
	GlobalSection(ExtensibilityGlobals) = postSolution
		SolutionGuid = {BD035DCE-997A-4959-9A0B-497FF9D63E68}
	EndGlobalSection
EndGlobal
